
Microsoft Visual Studio Solution File, Format Version 12.00
# Visual Studio Version 17
VisualStudioVersion = 17.3.32825.248
MinimumVisualStudioVersion = 10.0.40219.1
Project("{888888A0-9F3D-457C-B088-3A5042F75D52}") = "Problem24060", "Problem24060\Problem24060.pyproj", "{CFC9C322-F8AE-4502-9ACD-E58101E914E7}"
EndProject
Global
	GlobalSection(SolutionConfigurationPlatforms) = preSolution
		Debug|Any CPU = Debug|Any CPU
		Release|Any CPU = Release|Any CPU
	EndGlobalSection
	GlobalSection(ProjectConfigurationPlatforms) = postSolution
		{CFC9C322-F8AE-4502-9ACD-E58101E914E7}.Debug|Any CPU.ActiveCfg = Debug|Any CPU
		{CFC9C322-F8AE-4502-9ACD-E58101E914E7}.Release|Any CPU.ActiveCfg = Release|Any CPU
	EndGlobalSection
	GlobalSection(SolutionProperties) = preSolution
		HideSolutionNode = FALSE
	EndGlobalSection
	GlobalSection(ExtensibilityGlobals) = postSolution
		SolutionGuid = {89ADEF63-2C5F-4AA4-888E-974D750A5B52}
	EndGlobalSection
EndGlobal
