
Microsoft Visual Studio Solution File, Format Version 12.00
# Visual Studio Version 17
VisualStudioVersion = 17.3.32825.248
MinimumVisualStudioVersion = 10.0.40219.1
Project("{888888A0-9F3D-457C-B088-3A5042F75D52}") = "Problem11650", "Problem11650\Problem11650.pyproj", "{F8D3FCBE-E774-4051-AFFD-CCF5B60969D1}"
EndProject
Global
	GlobalSection(SolutionConfigurationPlatforms) = preSolution
		Debug|Any CPU = Debug|Any CPU
		Release|Any CPU = Release|Any CPU
	EndGlobalSection
	GlobalSection(ProjectConfigurationPlatforms) = postSolution
		{F8D3FCBE-E774-4051-AFFD-CCF5B60969D1}.Debug|Any CPU.ActiveCfg = Debug|Any CPU
		{F8D3FCBE-E774-4051-AFFD-CCF5B60969D1}.Release|Any CPU.ActiveCfg = Release|Any CPU
	EndGlobalSection
	GlobalSection(SolutionProperties) = preSolution
		HideSolutionNode = FALSE
	EndGlobalSection
	GlobalSection(ExtensibilityGlobals) = postSolution
		SolutionGuid = {EA573F1F-E5E0-489D-9ED5-D575DCC4AB8A}
	EndGlobalSection
EndGlobal
