
Microsoft Visual Studio Solution File, Format Version 12.00
# Visual Studio Version 17
VisualStudioVersion = 17.3.32825.248
MinimumVisualStudioVersion = 10.0.40219.1
Project("{888888A0-9F3D-457C-B088-3A5042F75D52}") = "Problem10815", "Problem10815\Problem10815.pyproj", "{61502A55-12F4-45DE-BCC5-331EDB80FD99}"
EndProject
Global
	GlobalSection(SolutionConfigurationPlatforms) = preSolution
		Debug|Any CPU = Debug|Any CPU
		Release|Any CPU = Release|Any CPU
	EndGlobalSection
	GlobalSection(ProjectConfigurationPlatforms) = postSolution
		{61502A55-12F4-45DE-BCC5-331EDB80FD99}.Debug|Any CPU.ActiveCfg = Debug|Any CPU
		{61502A55-12F4-45DE-BCC5-331EDB80FD99}.Release|Any CPU.ActiveCfg = Release|Any CPU
	EndGlobalSection
	GlobalSection(SolutionProperties) = preSolution
		HideSolutionNode = FALSE
	EndGlobalSection
	GlobalSection(ExtensibilityGlobals) = postSolution
		SolutionGuid = {16ACCEAB-8645-46FD-B36F-D3423A31141F}
	EndGlobalSection
EndGlobal
