
Microsoft Visual Studio Solution File, Format Version 12.00
# Visual Studio Version 17
VisualStudioVersion = 17.3.32825.248
MinimumVisualStudioVersion = 10.0.40219.1
Project("{888888A0-9F3D-457C-B088-3A5042F75D52}") = "Problem1764", "Problem1764\Problem1764.pyproj", "{EBF4C6F9-892D-48C6-8E2E-10408307DB9A}"
EndProject
Global
	GlobalSection(SolutionConfigurationPlatforms) = preSolution
		Debug|Any CPU = Debug|Any CPU
		Release|Any CPU = Release|Any CPU
	EndGlobalSection
	GlobalSection(ProjectConfigurationPlatforms) = postSolution
		{EBF4C6F9-892D-48C6-8E2E-10408307DB9A}.Debug|Any CPU.ActiveCfg = Debug|Any CPU
		{EBF4C6F9-892D-48C6-8E2E-10408307DB9A}.Release|Any CPU.ActiveCfg = Release|Any CPU
	EndGlobalSection
	GlobalSection(SolutionProperties) = preSolution
		HideSolutionNode = FALSE
	EndGlobalSection
	GlobalSection(ExtensibilityGlobals) = postSolution
		SolutionGuid = {3EEB42F4-587B-4257-AFF9-31B2DFF309AD}
	EndGlobalSection
EndGlobal
