
Microsoft Visual Studio Solution File, Format Version 12.00
# Visual Studio Version 17
VisualStudioVersion = 17.3.32825.248
MinimumVisualStudioVersion = 10.0.40219.1
Project("{888888A0-9F3D-457C-B088-3A5042F75D52}") = "Problem2750", "Problem2750\Problem2750.pyproj", "{2A163C91-3BA1-42CF-87D8-DE5B5652233D}"
EndProject
Global
	GlobalSection(SolutionConfigurationPlatforms) = preSolution
		Debug|Any CPU = Debug|Any CPU
		Release|Any CPU = Release|Any CPU
	EndGlobalSection
	GlobalSection(ProjectConfigurationPlatforms) = postSolution
		{2A163C91-3BA1-42CF-87D8-DE5B5652233D}.Debug|Any CPU.ActiveCfg = Debug|Any CPU
		{2A163C91-3BA1-42CF-87D8-DE5B5652233D}.Release|Any CPU.ActiveCfg = Release|Any CPU
	EndGlobalSection
	GlobalSection(SolutionProperties) = preSolution
		HideSolutionNode = FALSE
	EndGlobalSection
	GlobalSection(ExtensibilityGlobals) = postSolution
		SolutionGuid = {146C6EEA-34E4-4487-92EC-2517851584A8}
	EndGlobalSection
EndGlobal
