
Microsoft Visual Studio Solution File, Format Version 12.00
# Visual Studio Version 17
VisualStudioVersion = 17.3.32825.248
MinimumVisualStudioVersion = 10.0.40219.1
Project("{888888A0-9F3D-457C-B088-3A5042F75D52}") = "Problem10816", "Problem10816\Problem10816.pyproj", "{48E4C08C-E62C-4D5F-A7B9-27932FB230AB}"
EndProject
Global
	GlobalSection(SolutionConfigurationPlatforms) = preSolution
		Debug|Any CPU = Debug|Any CPU
		Release|Any CPU = Release|Any CPU
	EndGlobalSection
	GlobalSection(ProjectConfigurationPlatforms) = postSolution
		{48E4C08C-E62C-4D5F-A7B9-27932FB230AB}.Debug|Any CPU.ActiveCfg = Debug|Any CPU
		{48E4C08C-E62C-4D5F-A7B9-27932FB230AB}.Release|Any CPU.ActiveCfg = Release|Any CPU
	EndGlobalSection
	GlobalSection(SolutionProperties) = preSolution
		HideSolutionNode = FALSE
	EndGlobalSection
	GlobalSection(ExtensibilityGlobals) = postSolution
		SolutionGuid = {948FEF61-BA9D-49E3-BE19-8D3D16CC5D71}
	EndGlobalSection
EndGlobal
