
Microsoft Visual Studio Solution File, Format Version 12.00
# Visual Studio Version 17
VisualStudioVersion = 17.3.32825.248
MinimumVisualStudioVersion = 10.0.40219.1
Project("{888888A0-9F3D-457C-B088-3A5042F75D52}") = "Problem25501", "Problem25501\Problem25501.pyproj", "{203ACB6F-28CB-4379-9CC3-1062DF5092EB}"
EndProject
Global
	GlobalSection(SolutionConfigurationPlatforms) = preSolution
		Debug|Any CPU = Debug|Any CPU
		Release|Any CPU = Release|Any CPU
	EndGlobalSection
	GlobalSection(ProjectConfigurationPlatforms) = postSolution
		{203ACB6F-28CB-4379-9CC3-1062DF5092EB}.Debug|Any CPU.ActiveCfg = Debug|Any CPU
		{203ACB6F-28CB-4379-9CC3-1062DF5092EB}.Release|Any CPU.ActiveCfg = Release|Any CPU
	EndGlobalSection
	GlobalSection(SolutionProperties) = preSolution
		HideSolutionNode = FALSE
	EndGlobalSection
	GlobalSection(ExtensibilityGlobals) = postSolution
		SolutionGuid = {B2E8947E-4F04-4320-B157-69983663A214}
	EndGlobalSection
EndGlobal
