
Microsoft Visual Studio Solution File, Format Version 12.00
# Visual Studio Version 17
VisualStudioVersion = 17.3.32825.248
MinimumVisualStudioVersion = 10.0.40219.1
Project("{888888A0-9F3D-457C-B088-3A5042F75D52}") = "Problem2941", "Problem2941\Problem2941.pyproj", "{90BB91ED-332D-4542-AE98-0CF7BDEAB152}"
EndProject
Global
	GlobalSection(SolutionConfigurationPlatforms) = preSolution
		Debug|Any CPU = Debug|Any CPU
		Release|Any CPU = Release|Any CPU
	EndGlobalSection
	GlobalSection(ProjectConfigurationPlatforms) = postSolution
		{90BB91ED-332D-4542-AE98-0CF7BDEAB152}.Debug|Any CPU.ActiveCfg = Debug|Any CPU
		{90BB91ED-332D-4542-AE98-0CF7BDEAB152}.Release|Any CPU.ActiveCfg = Release|Any CPU
	EndGlobalSection
	GlobalSection(SolutionProperties) = preSolution
		HideSolutionNode = FALSE
	EndGlobalSection
	GlobalSection(ExtensibilityGlobals) = postSolution
		SolutionGuid = {64647342-BEE5-4BF1-A0CD-D02D687EE5C3}
	EndGlobalSection
EndGlobal
