
Microsoft Visual Studio Solution File, Format Version 12.00
# Visual Studio Version 17
VisualStudioVersion = 17.3.32825.248
MinimumVisualStudioVersion = 10.0.40219.1
Project("{888888A0-9F3D-457C-B088-3A5042F75D52}") = "Problem3003", "Problem3003\Problem3003.pyproj", "{4266912C-F30A-439F-8E6F-CEE8C1297152}"
EndProject
Global
	GlobalSection(SolutionConfigurationPlatforms) = preSolution
		Debug|Any CPU = Debug|Any CPU
		Release|Any CPU = Release|Any CPU
	EndGlobalSection
	GlobalSection(ProjectConfigurationPlatforms) = postSolution
		{4266912C-F30A-439F-8E6F-CEE8C1297152}.Debug|Any CPU.ActiveCfg = Debug|Any CPU
		{4266912C-F30A-439F-8E6F-CEE8C1297152}.Release|Any CPU.ActiveCfg = Release|Any CPU
	EndGlobalSection
	GlobalSection(SolutionProperties) = preSolution
		HideSolutionNode = FALSE
	EndGlobalSection
	GlobalSection(ExtensibilityGlobals) = postSolution
		SolutionGuid = {732A4623-A8BE-4D21-A78D-8D213C2F633C}
	EndGlobalSection
EndGlobal
